
Microsoft Visual Studio Solution File, Format Version 12.00
# Visual Studio Version 17
VisualStudioVersion = 17.6.33815.320
MinimumVisualStudioVersion = 10.0.40219.1
Project("{FAE04EC0-301F-11D3-BF4B-00C04F79EFBC}") = "ServerCommittedProtocolViolation", "ServerCommittedProtocolViolation.csproj", "{50453E21-1BD3-40E8-B35F-7866ED9C0879}"
EndProject
Global
	GlobalSection(SolutionConfigurationPlatforms) = preSolution
		Debug|Any CPU = Debug|Any CPU
		Release|Any CPU = Release|Any CPU
	EndGlobalSection
	GlobalSection(ProjectConfigurationPlatforms) = postSolution
		{50453E21-1BD3-40E8-B35F-7866ED9C0879}.Debug|Any CPU.ActiveCfg = Debug|Any CPU
		{50453E21-1BD3-40E8-B35F-7866ED9C0879}.Debug|Any CPU.Build.0 = Debug|Any CPU
		{50453E21-1BD3-40E8-B35F-7866ED9C0879}.Release|Any CPU.ActiveCfg = Release|Any CPU
		{50453E21-1BD3-40E8-B35F-7866ED9C0879}.Release|Any CPU.Build.0 = Release|Any CPU
	EndGlobalSection
	GlobalSection(SolutionProperties) = preSolution
		HideSolutionNode = FALSE
	EndGlobalSection
	GlobalSection(ExtensibilityGlobals) = postSolution
		SolutionGuid = {8491BBBD-4C9A-4203-A17E-12DC6209C93E}
	EndGlobalSection
EndGlobal
